
Microsoft Visual Studio Solution File, Format Version 12.00
Project("{2150E333-8FDC-42A3-9474-1A3956D46DE8}") = "Src", "Src", "{7197C0DF-BEB2-4AC9-8E59-7C0BBE1D8AC8}"
EndProject
Project("{2150E333-8FDC-42A3-9474-1A3956D46DE8}") = "Common", "Common", "{5EFA5171-CCED-4FAE-95ED-BA21926F6F45}"
EndProject
Project("{2150E333-8FDC-42A3-9474-1A3956D46DE8}") = "Core", "Core", "{580CC7DE-2CFB-46E4-88E9-BBA0668B2F56}"
EndProject
Project("{2150E333-8FDC-42A3-9474-1A3956D46DE8}") = "Infrastructure", "Infrastructure", "{F2C2C22F-2339-4B47-B2D9-0790EF3AA001}"
EndProject
Project("{2150E333-8FDC-42A3-9474-1A3956D46DE8}") = "Presentation", "Presentation", "{11E2F8B1-BB21-4C94-A357-10FC566702B3}"
EndProject
Project("{FAE04EC0-301F-11D3-BF4B-00C04F79EFBC}") = "Application", "Application\Application.csproj", "{0D109FB9-83D5-4477-9D18-0F4FCBB551E0}"
EndProject
Project("{FAE04EC0-301F-11D3-BF4B-00C04F79EFBC}") = "Domain", "Domain\Domain.csproj", "{BD04E66E-42B5-4A8F-A00A-47290A9791FC}"
EndProject
Project("{FAE04EC0-301F-11D3-BF4B-00C04F79EFBC}") = "Infrastructure", "Infrastructure\Infrastructure.csproj", "{8C08BB45-CF03-4739-B6CF-3AFA04CC9C2F}"
EndProject
Project("{FAE04EC0-301F-11D3-BF4B-00C04F79EFBC}") = "Infrastructure.Abstract", "Infrastructure.Abstract\Infrastructure.Abstract.csproj", "{7A0D15D8-7474-4593-B725-58AB99220301}"
EndProject
Project("{FAE04EC0-301F-11D3-BF4B-00C04F79EFBC}") = "Persistence", "Persistence\Persistence.csproj", "{43B80E18-9EF6-469D-9250-76FE779FC55B}"
EndProject
Project("{FAE04EC0-301F-11D3-BF4B-00C04F79EFBC}") = "WebApi", "WebApi\WebApi.csproj", "{2FB1EF1E-A15A-4751-A47B-DBCB68F3F385}"
EndProject
Project("{FAE04EC0-301F-11D3-BF4B-00C04F79EFBC}") = "CommonFunctions", "CommonFunctions\CommonFunctions.csproj", "{0915209E-2F12-42A6-A51A-685D79CF5412}"
EndProject
Global
	GlobalSection(SolutionConfigurationPlatforms) = preSolution
		Debug|Any CPU = Debug|Any CPU
		Release|Any CPU = Release|Any CPU
	EndGlobalSection
	GlobalSection(ProjectConfigurationPlatforms) = postSolution
		{0D109FB9-83D5-4477-9D18-0F4FCBB551E0}.Debug|Any CPU.ActiveCfg = Debug|Any CPU
		{0D109FB9-83D5-4477-9D18-0F4FCBB551E0}.Debug|Any CPU.Build.0 = Debug|Any CPU
		{0D109FB9-83D5-4477-9D18-0F4FCBB551E0}.Release|Any CPU.ActiveCfg = Release|Any CPU
		{0D109FB9-83D5-4477-9D18-0F4FCBB551E0}.Release|Any CPU.Build.0 = Release|Any CPU
		{BD04E66E-42B5-4A8F-A00A-47290A9791FC}.Debug|Any CPU.ActiveCfg = Debug|Any CPU
		{BD04E66E-42B5-4A8F-A00A-47290A9791FC}.Debug|Any CPU.Build.0 = Debug|Any CPU
		{BD04E66E-42B5-4A8F-A00A-47290A9791FC}.Release|Any CPU.ActiveCfg = Release|Any CPU
		{BD04E66E-42B5-4A8F-A00A-47290A9791FC}.Release|Any CPU.Build.0 = Release|Any CPU
		{8C08BB45-CF03-4739-B6CF-3AFA04CC9C2F}.Debug|Any CPU.ActiveCfg = Debug|Any CPU
		{8C08BB45-CF03-4739-B6CF-3AFA04CC9C2F}.Debug|Any CPU.Build.0 = Debug|Any CPU
		{8C08BB45-CF03-4739-B6CF-3AFA04CC9C2F}.Release|Any CPU.ActiveCfg = Release|Any CPU
		{8C08BB45-CF03-4739-B6CF-3AFA04CC9C2F}.Release|Any CPU.Build.0 = Release|Any CPU
		{7A0D15D8-7474-4593-B725-58AB99220301}.Debug|Any CPU.ActiveCfg = Debug|Any CPU
		{7A0D15D8-7474-4593-B725-58AB99220301}.Debug|Any CPU.Build.0 = Debug|Any CPU
		{7A0D15D8-7474-4593-B725-58AB99220301}.Release|Any CPU.ActiveCfg = Release|Any CPU
		{7A0D15D8-7474-4593-B725-58AB99220301}.Release|Any CPU.Build.0 = Release|Any CPU
		{43B80E18-9EF6-469D-9250-76FE779FC55B}.Debug|Any CPU.ActiveCfg = Debug|Any CPU
		{43B80E18-9EF6-469D-9250-76FE779FC55B}.Debug|Any CPU.Build.0 = Debug|Any CPU
		{43B80E18-9EF6-469D-9250-76FE779FC55B}.Release|Any CPU.ActiveCfg = Release|Any CPU
		{43B80E18-9EF6-469D-9250-76FE779FC55B}.Release|Any CPU.Build.0 = Release|Any CPU
		{2FB1EF1E-A15A-4751-A47B-DBCB68F3F385}.Debug|Any CPU.ActiveCfg = Debug|Any CPU
		{2FB1EF1E-A15A-4751-A47B-DBCB68F3F385}.Debug|Any CPU.Build.0 = Debug|Any CPU
		{2FB1EF1E-A15A-4751-A47B-DBCB68F3F385}.Release|Any CPU.ActiveCfg = Release|Any CPU
		{2FB1EF1E-A15A-4751-A47B-DBCB68F3F385}.Release|Any CPU.Build.0 = Release|Any CPU
		{0915209E-2F12-42A6-A51A-685D79CF5412}.Debug|Any CPU.ActiveCfg = Debug|Any CPU
		{0915209E-2F12-42A6-A51A-685D79CF5412}.Debug|Any CPU.Build.0 = Debug|Any CPU
		{0915209E-2F12-42A6-A51A-685D79CF5412}.Release|Any CPU.ActiveCfg = Release|Any CPU
		{0915209E-2F12-42A6-A51A-685D79CF5412}.Release|Any CPU.Build.0 = Release|Any CPU
	EndGlobalSection
	GlobalSection(NestedProjects) = preSolution
		{5EFA5171-CCED-4FAE-95ED-BA21926F6F45} = {7197C0DF-BEB2-4AC9-8E59-7C0BBE1D8AC8}
		{580CC7DE-2CFB-46E4-88E9-BBA0668B2F56} = {7197C0DF-BEB2-4AC9-8E59-7C0BBE1D8AC8}
		{F2C2C22F-2339-4B47-B2D9-0790EF3AA001} = {7197C0DF-BEB2-4AC9-8E59-7C0BBE1D8AC8}
		{11E2F8B1-BB21-4C94-A357-10FC566702B3} = {7197C0DF-BEB2-4AC9-8E59-7C0BBE1D8AC8}
		{0D109FB9-83D5-4477-9D18-0F4FCBB551E0} = {580CC7DE-2CFB-46E4-88E9-BBA0668B2F56}
		{BD04E66E-42B5-4A8F-A00A-47290A9791FC} = {580CC7DE-2CFB-46E4-88E9-BBA0668B2F56}
		{8C08BB45-CF03-4739-B6CF-3AFA04CC9C2F} = {F2C2C22F-2339-4B47-B2D9-0790EF3AA001}
		{7A0D15D8-7474-4593-B725-58AB99220301} = {F2C2C22F-2339-4B47-B2D9-0790EF3AA001}
		{43B80E18-9EF6-469D-9250-76FE779FC55B} = {F2C2C22F-2339-4B47-B2D9-0790EF3AA001}
		{2FB1EF1E-A15A-4751-A47B-DBCB68F3F385} = {11E2F8B1-BB21-4C94-A357-10FC566702B3}
		{0915209E-2F12-42A6-A51A-685D79CF5412} = {5EFA5171-CCED-4FAE-95ED-BA21926F6F45}
	EndGlobalSection
EndGlobal
